
Microsoft Visual Studio Solution File, Format Version 12.00
# Visual Studio 15
VisualStudioVersion = 15.0.27703.2018
MinimumVisualStudioVersion = 10.0.40219.1
Project("{FAE04EC0-301F-11D3-BF4B-00C04F79EFBC}") = "EjemploPersonas.Models", "EjemploPersonas.Models\EjemploPersonas.Models.csproj", "{7EBFDA41-2515-4FDD-AA04-6FA76B26F31B}"
EndProject
Project("{FAE04EC0-301F-11D3-BF4B-00C04F79EFBC}") = "EjemploPersonas.DAL", "EjemploPersonas.DAL\EjemploPersonas.DAL.csproj", "{0F4EF575-7E66-49BA-A133-9B9DCA1714F4}"
EndProject
Project("{FAE04EC0-301F-11D3-BF4B-00C04F79EFBC}") = "EjemploPersonas.Web", "EjemploPersonas.Web\EjemploPersonas.Web.csproj", "{8FF1845E-F30D-41B7-B091-BE4475816CDF}"
EndProject
Global
	GlobalSection(SolutionConfigurationPlatforms) = preSolution
		Debug|Any CPU = Debug|Any CPU
		Release|Any CPU = Release|Any CPU
	EndGlobalSection
	GlobalSection(ProjectConfigurationPlatforms) = postSolution
		{7EBFDA41-2515-4FDD-AA04-6FA76B26F31B}.Debug|Any CPU.ActiveCfg = Debug|Any CPU
		{7EBFDA41-2515-4FDD-AA04-6FA76B26F31B}.Debug|Any CPU.Build.0 = Debug|Any CPU
		{7EBFDA41-2515-4FDD-AA04-6FA76B26F31B}.Release|Any CPU.ActiveCfg = Release|Any CPU
		{7EBFDA41-2515-4FDD-AA04-6FA76B26F31B}.Release|Any CPU.Build.0 = Release|Any CPU
		{0F4EF575-7E66-49BA-A133-9B9DCA1714F4}.Debug|Any CPU.ActiveCfg = Debug|Any CPU
		{0F4EF575-7E66-49BA-A133-9B9DCA1714F4}.Debug|Any CPU.Build.0 = Debug|Any CPU
		{0F4EF575-7E66-49BA-A133-9B9DCA1714F4}.Release|Any CPU.ActiveCfg = Release|Any CPU
		{0F4EF575-7E66-49BA-A133-9B9DCA1714F4}.Release|Any CPU.Build.0 = Release|Any CPU
		{8FF1845E-F30D-41B7-B091-BE4475816CDF}.Debug|Any CPU.ActiveCfg = Debug|Any CPU
		{8FF1845E-F30D-41B7-B091-BE4475816CDF}.Debug|Any CPU.Build.0 = Debug|Any CPU
		{8FF1845E-F30D-41B7-B091-BE4475816CDF}.Release|Any CPU.ActiveCfg = Release|Any CPU
		{8FF1845E-F30D-41B7-B091-BE4475816CDF}.Release|Any CPU.Build.0 = Release|Any CPU
	EndGlobalSection
	GlobalSection(SolutionProperties) = preSolution
		HideSolutionNode = FALSE
	EndGlobalSection
	GlobalSection(ExtensibilityGlobals) = postSolution
		SolutionGuid = {9ED78995-9D3D-4ED2-A19C-4A5D706A2DB2}
	EndGlobalSection
EndGlobal
